
Microsoft Visual Studio Solution File, Format Version 12.00
# Visual Studio Version 16
VisualStudioVersion = 16.0.31702.278
MinimumVisualStudioVersion = 10.0.40219.1
Project("{FAE04EC0-301F-11D3-BF4B-00C04F79EFBC}") = "OopValidationEngine.Library", "OopValidationEngine.Library\OopValidationEngine.Library.csproj", "{772CFA99-6F0D-4DC5-A289-A72693CF7F6D}"
EndProject
Project("{FAE04EC0-301F-11D3-BF4B-00C04F79EFBC}") = "OopValidationEngine.Application", "OopValidationEngine.Application\OopValidationEngine.Application.csproj", "{B8EFC481-C94F-49BA-8837-D1F6856DB207}"
EndProject
Global
	GlobalSection(SolutionConfigurationPlatforms) = preSolution
		Debug|Any CPU = Debug|Any CPU
		Release|Any CPU = Release|Any CPU
	EndGlobalSection
	GlobalSection(ProjectConfigurationPlatforms) = postSolution
		{772CFA99-6F0D-4DC5-A289-A72693CF7F6D}.Debug|Any CPU.ActiveCfg = Debug|Any CPU
		{772CFA99-6F0D-4DC5-A289-A72693CF7F6D}.Debug|Any CPU.Build.0 = Debug|Any CPU
		{772CFA99-6F0D-4DC5-A289-A72693CF7F6D}.Release|Any CPU.ActiveCfg = Release|Any CPU
		{772CFA99-6F0D-4DC5-A289-A72693CF7F6D}.Release|Any CPU.Build.0 = Release|Any CPU
		{B8EFC481-C94F-49BA-8837-D1F6856DB207}.Debug|Any CPU.ActiveCfg = Debug|Any CPU
		{B8EFC481-C94F-49BA-8837-D1F6856DB207}.Debug|Any CPU.Build.0 = Debug|Any CPU
		{B8EFC481-C94F-49BA-8837-D1F6856DB207}.Release|Any CPU.ActiveCfg = Release|Any CPU
		{B8EFC481-C94F-49BA-8837-D1F6856DB207}.Release|Any CPU.Build.0 = Release|Any CPU
	EndGlobalSection
	GlobalSection(SolutionProperties) = preSolution
		HideSolutionNode = FALSE
	EndGlobalSection
	GlobalSection(ExtensibilityGlobals) = postSolution
		SolutionGuid = {89546673-60E3-4A60-86FB-DEDC28060D20}
	EndGlobalSection
EndGlobal
